
Microsoft Visual Studio Solution File, Format Version 12.00
# Visual Studio Version 17
VisualStudioVersion = 17.5.33530.505
MinimumVisualStudioVersion = 10.0.40219.1
Project("{FAE04EC0-301F-11D3-BF4B-00C04F79EFBC}") = "PSNApiWrapper", "PSNApiWrapper\PSNApiWrapper.csproj", "{1FF3B26A-8766-44E3-A029-FDF2B3147CA3}"
EndProject
Project("{FAE04EC0-301F-11D3-BF4B-00C04F79EFBC}") = "PSNApiWrapperDebugger", "PSNApiWrapperDebugger\PSNApiWrapperDebugger.csproj", "{72F903BE-6CB6-405C-BAFE-B441269D8BEA}"
EndProject
Global
	GlobalSection(SolutionConfigurationPlatforms) = preSolution
		Debug|Any CPU = Debug|Any CPU
		Release|Any CPU = Release|Any CPU
	EndGlobalSection
	GlobalSection(ProjectConfigurationPlatforms) = postSolution
		{1FF3B26A-8766-44E3-A029-FDF2B3147CA3}.Debug|Any CPU.ActiveCfg = Debug|Any CPU
		{1FF3B26A-8766-44E3-A029-FDF2B3147CA3}.Debug|Any CPU.Build.0 = Debug|Any CPU
		{1FF3B26A-8766-44E3-A029-FDF2B3147CA3}.Release|Any CPU.ActiveCfg = Release|Any CPU
		{1FF3B26A-8766-44E3-A029-FDF2B3147CA3}.Release|Any CPU.Build.0 = Release|Any CPU
		{72F903BE-6CB6-405C-BAFE-B441269D8BEA}.Debug|Any CPU.ActiveCfg = Debug|Any CPU
		{72F903BE-6CB6-405C-BAFE-B441269D8BEA}.Debug|Any CPU.Build.0 = Debug|Any CPU
		{72F903BE-6CB6-405C-BAFE-B441269D8BEA}.Release|Any CPU.ActiveCfg = Release|Any CPU
		{72F903BE-6CB6-405C-BAFE-B441269D8BEA}.Release|Any CPU.Build.0 = Release|Any CPU
	EndGlobalSection
	GlobalSection(SolutionProperties) = preSolution
		HideSolutionNode = FALSE
	EndGlobalSection
	GlobalSection(ExtensibilityGlobals) = postSolution
		SolutionGuid = {1B155AC5-9DBD-40F4-A898-3CE9E727CA67}
	EndGlobalSection
EndGlobal
